
Microsoft Visual Studio Solution File, Format Version 12.00
# Visual Studio Version 17
VisualStudioVersion = 17.2.32630.192
MinimumVisualStudioVersion = 10.0.40219.1
Project("{FAE04EC0-301F-11D3-BF4B-00C04F79EFBC}") = "Arsenic", "Arsenic\Arsenic.csproj", "{0E5A9794-21AA-4984-8088-C2A1E805310E}"
EndProject
Global
	GlobalSection(SolutionConfigurationPlatforms) = preSolution
		Debug|Any CPU = Debug|Any CPU
		Debug|x86 = Debug|x86
		Release|Any CPU = Release|Any CPU
		Release|x86 = Release|x86
	EndGlobalSection
	GlobalSection(ProjectConfigurationPlatforms) = postSolution
		{0E5A9794-21AA-4984-8088-C2A1E805310E}.Debug|Any CPU.ActiveCfg = Debug|Any CPU
		{0E5A9794-21AA-4984-8088-C2A1E805310E}.Debug|Any CPU.Build.0 = Debug|Any CPU
		{0E5A9794-21AA-4984-8088-C2A1E805310E}.Debug|x86.ActiveCfg = Debug|x86
		{0E5A9794-21AA-4984-8088-C2A1E805310E}.Debug|x86.Build.0 = Debug|x86
		{0E5A9794-21AA-4984-8088-C2A1E805310E}.Release|Any CPU.ActiveCfg = Release|Any CPU
		{0E5A9794-21AA-4984-8088-C2A1E805310E}.Release|Any CPU.Build.0 = Release|Any CPU
		{0E5A9794-21AA-4984-8088-C2A1E805310E}.Release|x86.ActiveCfg = Release|x86
		{0E5A9794-21AA-4984-8088-C2A1E805310E}.Release|x86.Build.0 = Release|x86
	EndGlobalSection
	GlobalSection(SolutionProperties) = preSolution
		HideSolutionNode = FALSE
	EndGlobalSection
	GlobalSection(ExtensibilityGlobals) = postSolution
		SolutionGuid = {B3F47BCF-485B-45C8-A4ED-8E3448A685DD}
	EndGlobalSection
EndGlobal
